{
  "version": 4,
  "terraform_version": "1.15.5",
  "serial": 65,
  "lineage": "70d4d9c1-7bc5-15fc-a4fa-77de2773d34e",
  "outputs": {
    "ec2_instance_id": {
      "value": "i-0a9af4e4cdaf9735f",
      "type": "string"
    },
    "ec2_public_ip": {
      "value": "65.2.203.196",
      "type": "string"
    },
    "monitoring_public_ip": {
      "value": "13.201.13.174",
      "type": "string"
    },
    "next_steps": {
      "value": "════════════════════════════════════════════════════════════\n  ✅ Infrastructure provisioned!\n════════════════════════════════════════════════════════════\n\nPublic IP:   65.2.203.196\nS3 bucket:   sanyog-conformity-docs-066756667240\nSSH:         ssh ubuntu@65.2.203.196\n\nNEXT STEPS:\n\n1. Confirm SNS email subscription (check your inbox).\n\n2. Add DNS A record in Cloudflare:\n     api.sanyogconformity.com → 65.2.203.196\n   Make sure the orange proxy cloud is ON ☁️\n\n3. Wait 2–3 minutes for EC2 user-data to finish.\n\n4. SSH in and configure secrets:\n     ssh ubuntu@65.2.203.196\n     sudo nano /etc/dice/.env\n   Fill in: DATABASE_URL (Atlas), JWT_SECRET, RAZORPAY_KEY_*, OPENAI_API_KEY\n\n5. Set Atlas IP allowlist to: 65.2.203.196/32\n\n6. Push to GitHub main branch — GitHub Actions deploys automatically.\n\n7. Verify:\n     curl https://api.sanyogconformity.com/health\n",
      "type": "string"
    },
    "s3_bucket_arn": {
      "value": "arn:aws:s3:::sanyog-conformity-docs-066756667240",
      "type": "string"
    },
    "s3_bucket_name": {
      "value": "sanyog-conformity-docs-066756667240",
      "type": "string"
    },
    "sns_topic_arn": {
      "value": "arn:aws:sns:ap-south-1:066756667240:dice-alerts",
      "type": "string"
    },
    "ssh_command": {
      "value": "ssh -i ~/.ssh/dice-operator ubuntu@65.2.203.196",
      "type": "string"
    }
  },
  "resources": [
    {
      "mode": "data",
      "type": "aws_ami",
      "name": "ubuntu_arm",
      "provider": "provider[\"registry.terraform.io/hashicorp/aws\"]",
      "instances": [
        {
          "schema_version": 0,
          "attributes": {
            "architecture": "arm64",
            "arn": "arn:aws:ec2:ap-south-1::image/ami-0eb1173b4c6d92ba4",
            "block_device_mappings": [
              {
                "device_name": "/dev/sda1",
                "ebs": {
                  "delete_on_termination": "true",
                  "encrypted": "false",
                  "iops": "0",
                  "snapshot_id": "snap-080624bb4828638e5",
                  "throughput": "0",
                  "volume_initialization_rate": "0",
                  "volume_size": "8",
                  "volume_type": "gp2"
                },
                "no_device": "",
                "virtual_name": ""
              },
              {
                "device_name": "/dev/sdb",
                "ebs": {},
                "no_device": "",
                "virtual_name": "ephemeral0"
              },
              {
                "device_name": "/dev/sdc",
                "ebs": {},
                "no_device": "",
                "virtual_name": "ephemeral1"
              }
            ],
            "boot_mode": "uefi",
            "creation_date": "2026-06-10T06:57:31.000Z",
            "deprecation_time": "2028-06-10T06:57:31.000Z",
            "description": "Canonical, Ubuntu, 22.04, arm64 jammy image",
            "ena_support": true,
            "executable_users": null,
            "filter": [
              {
                "name": "name",
                "values": [
                  "ubuntu/images/hvm-ssd/ubuntu-jammy-22.04-arm64-server-*"
                ]
              }
            ],
            "hypervisor": "xen",
            "id": "ami-0eb1173b4c6d92ba4",
            "image_id": "ami-0eb1173b4c6d92ba4",
            "image_location": "amazon/ubuntu/images/hvm-ssd/ubuntu-jammy-22.04-arm64-server-20260610",
            "image_owner_alias": "amazon",
            "image_type": "machine",
            "imds_support": "",
            "include_deprecated": false,
            "kernel_id": "",
            "last_launched_time": "",
            "most_recent": true,
            "name": "ubuntu/images/hvm-ssd/ubuntu-jammy-22.04-arm64-server-20260610",
            "name_regex": null,
            "owner_id": "099720109477",
            "owners": [
              "099720109477"
            ],
            "platform": "",
            "platform_details": "Linux/UNIX",
            "product_codes": [],
            "public": true,
            "ramdisk_id": "",
            "root_device_name": "/dev/sda1",
            "root_device_type": "ebs",
            "root_snapshot_id": "snap-080624bb4828638e5",
            "sriov_net_support": "simple",
            "state": "available",
            "state_reason": {
              "code": "UNSET",
              "message": "UNSET"
            },
            "tags": {},
            "timeouts": null,
            "tpm_support": "",
            "uefi_data": null,
            "usage_operation": "RunInstances",
            "virtualization_type": "hvm"
          },
          "sensitive_attributes": [],
          "identity_schema_version": 0
        }
      ]
    },
    {
      "mode": "data",
      "type": "aws_ami",
      "name": "ubuntu_x86",
      "provider": "provider[\"registry.terraform.io/hashicorp/aws\"]",
      "instances": [
        {
          "schema_version": 0,
          "attributes": {
            "architecture": "x86_64",
            "arn": "arn:aws:ec2:ap-south-1::image/ami-0326c8c1e2d6bf78c",
            "block_device_mappings": [
              {
                "device_name": "/dev/sda1",
                "ebs": {
                  "delete_on_termination": "true",
                  "encrypted": "false",
                  "iops": "0",
                  "snapshot_id": "snap-05a591c0d714f0ad8",
                  "throughput": "0",
                  "volume_initialization_rate": "0",
                  "volume_size": "8",
                  "volume_type": "gp2"
                },
                "no_device": "",
                "virtual_name": ""
              },
              {
                "device_name": "/dev/sdb",
                "ebs": {},
                "no_device": "",
                "virtual_name": "ephemeral0"
              },
              {
                "device_name": "/dev/sdc",
                "ebs": {},
                "no_device": "",
                "virtual_name": "ephemeral1"
              }
            ],
            "boot_mode": "uefi-preferred",
            "creation_date": "2026-06-10T06:57:04.000Z",
            "deprecation_time": "2028-06-10T06:57:04.000Z",
            "description": "Canonical, Ubuntu, 22.04, amd64 jammy image",
            "ena_support": true,
            "executable_users": null,
            "filter": [
              {
                "name": "name",
                "values": [
                  "ubuntu/images/hvm-ssd/ubuntu-jammy-22.04-amd64-server-*"
                ]
              }
            ],
            "hypervisor": "xen",
            "id": "ami-0326c8c1e2d6bf78c",
            "image_id": "ami-0326c8c1e2d6bf78c",
            "image_location": "amazon/ubuntu/images/hvm-ssd/ubuntu-jammy-22.04-amd64-server-20260610",
            "image_owner_alias": "amazon",
            "image_type": "machine",
            "imds_support": "",
            "include_deprecated": false,
            "kernel_id": "",
            "last_launched_time": "",
            "most_recent": true,
            "name": "ubuntu/images/hvm-ssd/ubuntu-jammy-22.04-amd64-server-20260610",
            "name_regex": null,
            "owner_id": "099720109477",
            "owners": [
              "099720109477"
            ],
            "platform": "",
            "platform_details": "Linux/UNIX",
            "product_codes": [],
            "public": true,
            "ramdisk_id": "",
            "root_device_name": "/dev/sda1",
            "root_device_type": "ebs",
            "root_snapshot_id": "snap-05a591c0d714f0ad8",
            "sriov_net_support": "simple",
            "state": "available",
            "state_reason": {
              "code": "UNSET",
              "message": "UNSET"
            },
            "tags": {},
            "timeouts": null,
            "tpm_support": "",
            "uefi_data": null,
            "usage_operation": "RunInstances",
            "virtualization_type": "hvm"
          },
          "sensitive_attributes": [],
          "identity_schema_version": 0
        }
      ]
    },
    {
      "mode": "data",
      "type": "aws_subnets",
      "name": "default",
      "provider": "provider[\"registry.terraform.io/hashicorp/aws\"]",
      "instances": [
        {
          "schema_version": 0,
          "attributes": {
            "filter": [
              {
                "name": "vpc-id",
                "values": [
                  "vpc-0eb98e95895a40f00"
                ]
              }
            ],
            "id": "ap-south-1",
            "ids": [
              "subnet-04a4cd6bc788c933d",
              "subnet-0ff3f7d6749f1a4f7",
              "subnet-025b5c97809762c9d"
            ],
            "tags": null,
            "timeouts": null
          },
          "sensitive_attributes": [],
          "identity_schema_version": 0
        }
      ]
    },
    {
      "mode": "data",
      "type": "aws_vpc",
      "name": "default",
      "provider": "provider[\"registry.terraform.io/hashicorp/aws\"]",
      "instances": [
        {
          "schema_version": 0,
          "attributes": {
            "arn": "arn:aws:ec2:ap-south-1:066756667240:vpc/vpc-0eb98e95895a40f00",
            "cidr_block": "172.31.0.0/16",
            "cidr_block_associations": [
              {
                "association_id": "vpc-cidr-assoc-0a0edeeb880cce747",
                "cidr_block": "172.31.0.0/16",
                "state": "associated"
              }
            ],
            "default": true,
            "dhcp_options_id": "dopt-053a4bf1bd9706aaa",
            "enable_dns_hostnames": true,
            "enable_dns_support": true,
            "enable_network_address_usage_metrics": false,
            "filter": null,
            "id": "vpc-0eb98e95895a40f00",
            "instance_tenancy": "default",
            "ipv6_association_id": "",
            "ipv6_cidr_block": "",
            "main_route_table_id": "rtb-0bd204a99f3678766",
            "owner_id": "066756667240",
            "state": null,
            "tags": {},
            "timeouts": null
          },
          "sensitive_attributes": [],
          "identity_schema_version": 0
        }
      ]
    },
    {
      "mode": "data",
      "type": "http",
      "name": "cloudflare_ipv4",
      "provider": "provider[\"registry.terraform.io/hashicorp/http\"]",
      "instances": [
        {
          "schema_version": 0,
          "attributes": {
            "body": "173.245.48.0/20\n103.21.244.0/22\n103.22.200.0/22\n103.31.4.0/22\n141.101.64.0/18\n108.162.192.0/18\n190.93.240.0/20\n188.114.96.0/20\n197.234.240.0/22\n198.41.128.0/17\n162.158.0.0/15\n104.16.0.0/13\n104.24.0.0/14\n172.64.0.0/13\n131.0.72.0/22",
            "ca_cert_pem": null,
            "client_cert_pem": null,
            "client_key_pem": null,
            "id": "https://www.cloudflare.com/ips-v4",
            "insecure": null,
            "method": null,
            "request_body": null,
            "request_headers": null,
            "request_timeout_ms": null,
            "response_body": "173.245.48.0/20\n103.21.244.0/22\n103.22.200.0/22\n103.31.4.0/22\n141.101.64.0/18\n108.162.192.0/18\n190.93.240.0/20\n188.114.96.0/20\n197.234.240.0/22\n198.41.128.0/17\n162.158.0.0/15\n104.16.0.0/13\n104.24.0.0/14\n172.64.0.0/13\n131.0.72.0/22",
            "response_body_base64": "MTczLjI0NS40OC4wLzIwCjEwMy4yMS4yNDQuMC8yMgoxMDMuMjIuMjAwLjAvMjIKMTAzLjMxLjQuMC8yMgoxNDEuMTAxLjY0LjAvMTgKMTA4LjE2Mi4xOTIuMC8xOAoxOTAuOTMuMjQwLjAvMjAKMTg4LjExNC45Ni4wLzIwCjE5Ny4yMzQuMjQwLjAvMjIKMTk4LjQxLjEyOC4wLzE3CjE2Mi4xNTguMC4wLzE1CjEwNC4xNi4wLjAvMTMKMTA0LjI0LjAuMC8xNAoxNzIuNjQuMC4wLzEzCjEzMS4wLjcyLjAvMjI=",
            "response_headers": {
              "Age": "58644",
              "Alt-Svc": "h3=\":443\"; ma=86400",
              "Cache-Control": "s-maxage=86400",
              "Cf-Cache-Status": "HIT",
              "Cf-Ray": "a119c54a8d98979f-DEL",
              "Content-Type": "text/plain;charset=UTF-8",
              "Date": "Fri, 26 Jun 2026 05:21:49 GMT",
              "Last-Modified": "Thu, 25 Jun 2026 13:04:24 GMT",
              "Nel": "{\"report_to\":\"cf-nel\",\"success_fraction\":0.0,\"max_age\":604800}",
              "Report-To": "{\"group\":\"cf-nel\",\"max_age\":604800,\"endpoints\":[{\"url\":\"https://a.nel.cloudflare.com/report/v4?s=VdSE1%2BmU%2FFcaC%2BAQI1PDfIXGx8AKodCg0S7U%2FfwUNjn6wFT8AZnDRIAKu7ZbY91J1f8nJXyAygmze%2FRUxHLwnbb3J%2BfwNwXEzvriZDUEuxjNBu9O45PnBCIvqkfT175x8ktLKw%3D%3D\"}]}",
              "Server": "cloudflare",
              "Server-Timing": "cfCacheStatus;desc=\"HIT\", cfEdge;dur=3,cfOrigin;dur=0,cfWorker;dur=2",
              "Set-Cookie": "__cf_bm=FJzZ4OEF2T.ulHqNN.Rr_YPfxI3lgLZqeqUPL3C8UTA-1782451309.2053318-1.0.1.1-WWqbZxuf1bZyuIEGBbRSyOjiejVYChQUW_otK25GmS.6dmKBFz4MiDRI.y.VBwC0WOht3aUwnFkqxglTDdrD_moPjZVfK2uGksrsYH9x.vJlGitzmEw8ldgum7GMCdoSjlG0gFjRjHqJjItorYtt7g; HttpOnly; SameSite=None; Secure; Path=/; Domain=www.cloudflare.com; Expires=Fri, 26 Jun 2026 05:51:49 GMT",
              "Vary": "accept-encoding"
            },
            "retry": null,
            "status_code": 200,
            "url": "https://www.cloudflare.com/ips-v4"
          },
          "sensitive_attributes": [],
          "identity_schema_version": 0
        }
      ]
    },
    {
      "mode": "managed",
      "type": "aws_budgets_budget",
      "name": "monthly",
      "provider": "provider[\"registry.terraform.io/hashicorp/aws\"]",
      "instances": [
        {
          "schema_version": 0,
          "attributes": {
            "account_id": "066756667240",
            "arn": "arn:aws:budgets::066756667240:budget/dice-monthly-budget",
            "auto_adjust_data": [],
            "budget_type": "COST",
            "cost_filter": [],
            "cost_types": [
              {
                "include_credit": true,
                "include_discount": true,
                "include_other_subscription": true,
                "include_recurring": true,
                "include_refund": true,
                "include_subscription": true,
                "include_support": true,
                "include_tax": true,
                "include_upfront": true,
                "use_amortized": false,
                "use_blended": false
              }
            ],
            "id": "066756667240:dice-monthly-budget",
            "limit_amount": "70.0",
            "limit_unit": "USD",
            "name": "dice-monthly-budget",
            "name_prefix": "",
            "notification": [
              {
                "comparison_operator": "GREATER_THAN",
                "notification_type": "ACTUAL",
                "subscriber_email_addresses": [
                  "sanyogconformity1@gmail.com"
                ],
                "subscriber_sns_topic_arns": [],
                "threshold": 50,
                "threshold_type": "PERCENTAGE"
              },
              {
                "comparison_operator": "GREATER_THAN",
                "notification_type": "ACTUAL",
                "subscriber_email_addresses": [
                  "sanyogconformity1@gmail.com"
                ],
                "subscriber_sns_topic_arns": [],
                "threshold": 80,
                "threshold_type": "PERCENTAGE"
              },
              {
                "comparison_operator": "GREATER_THAN",
                "notification_type": "FORECASTED",
                "subscriber_email_addresses": [
                  "sanyogconformity1@gmail.com"
                ],
                "subscriber_sns_topic_arns": [],
                "threshold": 100,
                "threshold_type": "PERCENTAGE"
              }
            ],
            "planned_limit": [],
            "tags": {},
            "tags_all": {
              "CostCenter": "Bootstrap",
              "Environment": "production",
              "ManagedBy": "Terraform",
              "Project": "DICE"
            },
            "time_period_end": "2087-06-15_00:00",
            "time_period_start": "2026-06-01_00:00",
            "time_unit": "MONTHLY"
          },
          "sensitive_attributes": [],
          "identity_schema_version": 0,
          "private": "bnVsbA=="
        }
      ]
    },
    {
      "mode": "managed",
      "type": "aws_cloudwatch_metric_alarm",
      "name": "high_cpu",
      "provider": "provider[\"registry.terraform.io/hashicorp/aws\"]",
      "instances": [
        {
          "schema_version": 1,
          "attributes": {
            "actions_enabled": true,
            "alarm_actions": [
              "arn:aws:sns:ap-south-1:066756667240:dice-alerts"
            ],
            "alarm_description": "Sustained CPU \u003e 80% — consider upgrading instance type",
            "alarm_name": "dice-high-cpu",
            "arn": "arn:aws:cloudwatch:ap-south-1:066756667240:alarm:dice-high-cpu",
            "comparison_operator": "GreaterThanThreshold",
            "datapoints_to_alarm": 0,
            "dimensions": {
              "InstanceId": "i-0a9af4e4cdaf9735f"
            },
            "evaluate_low_sample_count_percentiles": "",
            "evaluation_periods": 5,
            "extended_statistic": "",
            "id": "dice-high-cpu",
            "insufficient_data_actions": [],
            "metric_name": "CPUUtilization",
            "metric_query": [],
            "namespace": "AWS/EC2",
            "ok_actions": [],
            "period": 300,
            "statistic": "Average",
            "tags": {},
            "tags_all": {
              "CostCenter": "Bootstrap",
              "Environment": "production",
              "ManagedBy": "Terraform",
              "Project": "DICE"
            },
            "threshold": 80,
            "threshold_metric_id": "",
            "treat_missing_data": "missing",
            "unit": ""
          },
          "sensitive_attributes": [],
          "identity_schema_version": 0,
          "private": "eyJzY2hlbWFfdmVyc2lvbiI6IjEifQ==",
          "dependencies": [
            "aws_iam_instance_profile.ec2",
            "aws_iam_role.ec2",
            "aws_instance.api",
            "aws_key_pair.operator",
            "aws_security_group.api",
            "aws_sns_topic.alerts",
            "data.aws_ami.ubuntu_arm",
            "data.aws_vpc.default",
            "data.http.cloudflare_ipv4"
          ]
        }
      ]
    },
    {
      "mode": "managed",
      "type": "aws_cloudwatch_metric_alarm",
      "name": "high_disk",
      "provider": "provider[\"registry.terraform.io/hashicorp/aws\"]",
      "instances": [
        {
          "schema_version": 1,
          "attributes": {
            "actions_enabled": true,
            "alarm_actions": [
              "arn:aws:sns:ap-south-1:066756667240:dice-alerts"
            ],
            "alarm_description": "Disk \u003e 75% — clean up logs/temp",
            "alarm_name": "dice-high-disk",
            "arn": "arn:aws:cloudwatch:ap-south-1:066756667240:alarm:dice-high-disk",
            "comparison_operator": "GreaterThanThreshold",
            "datapoints_to_alarm": 0,
            "dimensions": {},
            "evaluate_low_sample_count_percentiles": "",
            "evaluation_periods": 3,
            "extended_statistic": "",
            "id": "dice-high-disk",
            "insufficient_data_actions": [],
            "metric_name": "disk_used_percent",
            "metric_query": [],
            "namespace": "CWAgent",
            "ok_actions": [],
            "period": 300,
            "statistic": "Average",
            "tags": {},
            "tags_all": {
              "CostCenter": "Bootstrap",
              "Environment": "production",
              "ManagedBy": "Terraform",
              "Project": "DICE"
            },
            "threshold": 75,
            "threshold_metric_id": "",
            "treat_missing_data": "notBreaching",
            "unit": ""
          },
          "sensitive_attributes": [],
          "identity_schema_version": 0,
          "private": "eyJzY2hlbWFfdmVyc2lvbiI6IjEifQ==",
          "dependencies": [
            "aws_sns_topic.alerts"
          ]
        }
      ]
    },
    {
      "mode": "managed",
      "type": "aws_cloudwatch_metric_alarm",
      "name": "high_memory",
      "provider": "provider[\"registry.terraform.io/hashicorp/aws\"]",
      "instances": [
        {
          "schema_version": 1,
          "attributes": {
            "actions_enabled": true,
            "alarm_actions": [
              "arn:aws:sns:ap-south-1:066756667240:dice-alerts"
            ],
            "alarm_description": "Sustained memory \u003e 85% — risk of OOM",
            "alarm_name": "dice-high-memory",
            "arn": "arn:aws:cloudwatch:ap-south-1:066756667240:alarm:dice-high-memory",
            "comparison_operator": "GreaterThanThreshold",
            "datapoints_to_alarm": 0,
            "dimensions": {
              "InstanceId": "i-0a9af4e4cdaf9735f"
            },
            "evaluate_low_sample_count_percentiles": "",
            "evaluation_periods": 5,
            "extended_statistic": "",
            "id": "dice-high-memory",
            "insufficient_data_actions": [],
            "metric_name": "mem_used_percent",
            "metric_query": [],
            "namespace": "CWAgent",
            "ok_actions": [],
            "period": 300,
            "statistic": "Average",
            "tags": {},
            "tags_all": {
              "CostCenter": "Bootstrap",
              "Environment": "production",
              "ManagedBy": "Terraform",
              "Project": "DICE"
            },
            "threshold": 85,
            "threshold_metric_id": "",
            "treat_missing_data": "notBreaching",
            "unit": ""
          },
          "sensitive_attributes": [],
          "identity_schema_version": 0,
          "private": "eyJzY2hlbWFfdmVyc2lvbiI6IjEifQ==",
          "dependencies": [
            "aws_iam_instance_profile.ec2",
            "aws_iam_role.ec2",
            "aws_instance.api",
            "aws_key_pair.operator",
            "aws_security_group.api",
            "aws_sns_topic.alerts",
            "data.aws_ami.ubuntu_arm",
            "data.aws_vpc.default",
            "data.http.cloudflare_ipv4"
          ]
        }
      ]
    },
    {
      "mode": "managed",
      "type": "aws_cloudwatch_metric_alarm",
      "name": "instance_status",
      "provider": "provider[\"registry.terraform.io/hashicorp/aws\"]",
      "instances": [
        {
          "schema_version": 1,
          "attributes": {
            "actions_enabled": true,
            "alarm_actions": [
              "arn:aws:automate:ap-south-1:ec2:recover",
              "arn:aws:sns:ap-south-1:066756667240:dice-alerts"
            ],
            "alarm_description": "Instance is unhealthy — auto-recovery will attempt restart",
            "alarm_name": "dice-instance-status-check-failed",
            "arn": "arn:aws:cloudwatch:ap-south-1:066756667240:alarm:dice-instance-status-check-failed",
            "comparison_operator": "GreaterThanThreshold",
            "datapoints_to_alarm": 0,
            "dimensions": {
              "InstanceId": "i-0a9af4e4cdaf9735f"
            },
            "evaluate_low_sample_count_percentiles": "",
            "evaluation_periods": 2,
            "extended_statistic": "",
            "id": "dice-instance-status-check-failed",
            "insufficient_data_actions": [],
            "metric_name": "StatusCheckFailed_System",
            "metric_query": [],
            "namespace": "AWS/EC2",
            "ok_actions": [],
            "period": 60,
            "statistic": "Maximum",
            "tags": {},
            "tags_all": {
              "CostCenter": "Bootstrap",
              "Environment": "production",
              "ManagedBy": "Terraform",
              "Project": "DICE"
            },
            "threshold": 0,
            "threshold_metric_id": "",
            "treat_missing_data": "missing",
            "unit": ""
          },
          "sensitive_attributes": [],
          "identity_schema_version": 0,
          "private": "eyJzY2hlbWFfdmVyc2lvbiI6IjEifQ==",
          "dependencies": [
            "aws_iam_instance_profile.ec2",
            "aws_iam_role.ec2",
            "aws_instance.api",
            "aws_key_pair.operator",
            "aws_security_group.api",
            "aws_sns_topic.alerts",
            "data.aws_ami.ubuntu_arm",
            "data.aws_vpc.default",
            "data.http.cloudflare_ipv4"
          ]
        }
      ]
    },
    {
      "mode": "managed",
      "type": "aws_eip",
      "name": "api",
      "provider": "provider[\"registry.terraform.io/hashicorp/aws\"]",
      "instances": [
        {
          "schema_version": 0,
          "attributes": {
            "address": null,
            "allocation_id": "eipalloc-04a48f0eb14f87a2b",
            "arn": "arn:aws:ec2:ap-south-1:066756667240:elastic-ip/eipalloc-04a48f0eb14f87a2b",
            "associate_with_private_ip": null,
            "association_id": "eipassoc-0cc43b97856ae396d",
            "carrier_ip": "",
            "customer_owned_ip": "",
            "customer_owned_ipv4_pool": "",
            "domain": "vpc",
            "id": "eipalloc-04a48f0eb14f87a2b",
            "instance": "i-0a9af4e4cdaf9735f",
            "ipam_pool_id": null,
            "network_border_group": "ap-south-1",
            "network_interface": "eni-01312f85fce577539",
            "private_dns": "ip-172-31-16-15.ap-south-1.compute.internal",
            "private_ip": "172.31.16.15",
            "ptr_record": "",
            "public_dns": "ec2-65-2-203-196.ap-south-1.compute.amazonaws.com",
            "public_ip": "65.2.203.196",
            "public_ipv4_pool": "amazon",
            "tags": {
              "Name": "dice-api-eip"
            },
            "tags_all": {
              "CostCenter": "Bootstrap",
              "Environment": "production",
              "ManagedBy": "Terraform",
              "Name": "dice-api-eip",
              "Project": "DICE"
            },
            "timeouts": null,
            "vpc": true
          },
          "sensitive_attributes": [],
          "identity_schema_version": 0,
          "private": "eyJlMmJmYjczMC1lY2FhLTExZTYtOGY4OC0zNDM2M2JjN2M0YzAiOnsiZGVsZXRlIjoxODAwMDAwMDAwMDAsInJlYWQiOjkwMDAwMDAwMDAwMCwidXBkYXRlIjozMDAwMDAwMDAwMDB9fQ==",
          "dependencies": [
            "aws_iam_instance_profile.ec2",
            "aws_iam_role.ec2",
            "aws_instance.api",
            "aws_key_pair.operator",
            "aws_security_group.api",
            "data.aws_ami.ubuntu_arm",
            "data.aws_vpc.default",
            "data.http.cloudflare_ipv4"
          ]
        }
      ]
    },
    {
      "mode": "managed",
      "type": "aws_iam_instance_profile",
      "name": "ec2",
      "provider": "provider[\"registry.terraform.io/hashicorp/aws\"]",
      "instances": [
        {
          "schema_version": 0,
          "attributes": {
            "arn": "arn:aws:iam::066756667240:instance-profile/dice-ec2-profile",
            "create_date": "2026-06-09T07:03:10Z",
            "id": "dice-ec2-profile",
            "name": "dice-ec2-profile",
            "name_prefix": "",
            "path": "/",
            "role": "dice-ec2-role",
            "tags": {},
            "tags_all": {
              "CostCenter": "Bootstrap",
              "Environment": "production",
              "ManagedBy": "Terraform",
              "Project": "DICE"
            },
            "unique_id": "AIPAQ7CYB45UL2R7WTSAU"
          },
          "sensitive_attributes": [],
          "identity_schema_version": 0,
          "private": "bnVsbA==",
          "dependencies": [
            "aws_iam_role.ec2"
          ]
        }
      ]
    },
    {
      "mode": "managed",
      "type": "aws_iam_instance_profile",
      "name": "monitoring_profile",
      "provider": "provider[\"registry.terraform.io/hashicorp/aws\"]",
      "instances": [
        {
          "schema_version": 0,
          "attributes": {
            "arn": "arn:aws:iam::066756667240:instance-profile/monitoring-instance-profile",
            "create_date": "2026-06-19T12:26:37Z",
            "id": "monitoring-instance-profile",
            "name": "monitoring-instance-profile",
            "name_prefix": "",
            "path": "/",
            "role": "monitoring-role",
            "tags": {},
            "tags_all": {
              "CostCenter": "Bootstrap",
              "Environment": "production",
              "ManagedBy": "Terraform",
              "Project": "DICE"
            },
            "unique_id": "AIPAQ7CYB45UAP3XRZTOA"
          },
          "sensitive_attributes": [],
          "identity_schema_version": 0,
          "private": "bnVsbA==",
          "dependencies": [
            "aws_iam_role.monitoring_role"
          ]
        }
      ]
    },
    {
      "mode": "managed",
      "type": "aws_iam_policy",
      "name": "monitoring_policy",
      "provider": "provider[\"registry.terraform.io/hashicorp/aws\"]",
      "instances": [
        {
          "schema_version": 0,
          "attributes": {
            "arn": "arn:aws:iam::066756667240:policy/monitoring-policy",
            "attachment_count": 1,
            "description": "",
            "id": "arn:aws:iam::066756667240:policy/monitoring-policy",
            "name": "monitoring-policy",
            "name_prefix": "",
            "path": "/",
            "policy": "{\"Statement\":[{\"Action\":[\"cloudwatch:GetMetricData\",\"cloudwatch:ListMetrics\",\"s3:ListAllMyBuckets\",\"s3:GetBucketLocation\"],\"Effect\":\"Allow\",\"Resource\":\"*\"}],\"Version\":\"2012-10-17\"}",
            "policy_id": "ANPAQ7CYB45UJEYD2L5FM",
            "tags": {},
            "tags_all": {
              "CostCenter": "Bootstrap",
              "Environment": "production",
              "ManagedBy": "Terraform",
              "Project": "DICE"
            }
          },
          "sensitive_attributes": [],
          "identity_schema_version": 0,
          "private": "bnVsbA=="
        }
      ]
    },
    {
      "mode": "managed",
      "type": "aws_iam_policy",
      "name": "s3_access",
      "provider": "provider[\"registry.terraform.io/hashicorp/aws\"]",
      "instances": [
        {
          "schema_version": 0,
          "attributes": {
            "arn": "arn:aws:iam::066756667240:policy/dice-s3-access",
            "attachment_count": 1,
            "description": "",
            "id": "arn:aws:iam::066756667240:policy/dice-s3-access",
            "name": "dice-s3-access",
            "name_prefix": "",
            "path": "/",
            "policy": "{\"Statement\":[{\"Action\":[\"s3:GetObject\",\"s3:PutObject\",\"s3:DeleteObject\",\"s3:ListBucket\",\"s3:GetObjectVersion\",\"s3:GetObjectTagging\",\"s3:PutObjectTagging\"],\"Effect\":\"Allow\",\"Resource\":[\"arn:aws:s3:::sanyog-conformity-docs-066756667240\",\"arn:aws:s3:::sanyog-conformity-docs-066756667240/*\"]}],\"Version\":\"2012-10-17\"}",
            "policy_id": "ANPAQ7CYB45UMIEYFV3KX",
            "tags": {},
            "tags_all": {
              "CostCenter": "Bootstrap",
              "Environment": "production",
              "ManagedBy": "Terraform",
              "Project": "DICE"
            }
          },
          "sensitive_attributes": [],
          "identity_schema_version": 0,
          "private": "bnVsbA==",
          "dependencies": [
            "aws_s3_bucket.docs"
          ]
        }
      ]
    },
    {
      "mode": "managed",
      "type": "aws_iam_role",
      "name": "ec2",
      "provider": "provider[\"registry.terraform.io/hashicorp/aws\"]",
      "instances": [
        {
          "schema_version": 0,
          "attributes": {
            "arn": "arn:aws:iam::066756667240:role/dice-ec2-role",
            "assume_role_policy": "{\"Statement\":[{\"Action\":\"sts:AssumeRole\",\"Effect\":\"Allow\",\"Principal\":{\"Service\":\"ec2.amazonaws.com\"}}],\"Version\":\"2012-10-17\"}",
            "create_date": "2026-06-09T07:03:09Z",
            "description": "",
            "force_detach_policies": false,
            "id": "dice-ec2-role",
            "inline_policy": [
              {
                "name": "SESAccess",
                "policy": "{\"Version\":\"2012-10-17\",\"Statement\":[{\"Action\":[\"ses:SendEmail\",\"ses:SendRawEmail\"],\"Effect\":\"Allow\",\"Resource\":\"*\"}]}"
              },
              {
                "name": "admin-panel-s3-read",
                "policy": "{\"Version\":\"2012-10-17\",\"Statement\":[{\"Action\":[\"s3:GetObject\",\"s3:ListBucket\"],\"Effect\":\"Allow\",\"Resource\":[\"arn:aws:s3:::sanyog-admin-prod-panel-9x2b\",\"arn:aws:s3:::sanyog-admin-prod-panel-9x2b/*\"]}]}"
              }
            ],
            "managed_policy_arns": [
              "arn:aws:iam::066756667240:policy/dice-s3-access",
              "arn:aws:iam::aws:policy/AmazonSSMManagedInstanceCore",
              "arn:aws:iam::aws:policy/CloudWatchAgentServerPolicy"
            ],
            "max_session_duration": 3600,
            "name": "dice-ec2-role",
            "name_prefix": "",
            "path": "/",
            "permissions_boundary": "",
            "tags": {},
            "tags_all": {
              "CostCenter": "Bootstrap",
              "Environment": "production",
              "ManagedBy": "Terraform",
              "Project": "DICE"
            },
            "unique_id": "AROAQ7CYB45UEMQPWQ2YI"
          },
          "sensitive_attributes": [],
          "identity_schema_version": 0,
          "private": "bnVsbA=="
        }
      ]
    },
    {
      "mode": "managed",
      "type": "aws_iam_role",
      "name": "monitoring_role",
      "provider": "provider[\"registry.terraform.io/hashicorp/aws\"]",
      "instances": [
        {
          "schema_version": 0,
          "attributes": {
            "arn": "arn:aws:iam::066756667240:role/monitoring-role",
            "assume_role_policy": "{\"Statement\":[{\"Action\":\"sts:AssumeRole\",\"Effect\":\"Allow\",\"Principal\":{\"Service\":\"ec2.amazonaws.com\"}}],\"Version\":\"2012-10-17\"}",
            "create_date": "2026-06-19T12:26:36Z",
            "description": "",
            "force_detach_policies": false,
            "id": "monitoring-role",
            "inline_policy": [],
            "managed_policy_arns": [
              "arn:aws:iam::066756667240:policy/monitoring-policy",
              "arn:aws:iam::aws:policy/AmazonSSMManagedInstanceCore"
            ],
            "max_session_duration": 3600,
            "name": "monitoring-role",
            "name_prefix": "",
            "path": "/",
            "permissions_boundary": "",
            "tags": {},
            "tags_all": {
              "CostCenter": "Bootstrap",
              "Environment": "production",
              "ManagedBy": "Terraform",
              "Project": "DICE"
            },
            "unique_id": "AROAQ7CYB45UG5HKZUXY4"
          },
          "sensitive_attributes": [],
          "identity_schema_version": 0,
          "private": "bnVsbA=="
        }
      ]
    },
    {
      "mode": "managed",
      "type": "aws_iam_role_policy_attachment",
      "name": "cloudwatch",
      "provider": "provider[\"registry.terraform.io/hashicorp/aws\"]",
      "instances": [
        {
          "schema_version": 0,
          "attributes": {
            "id": "dice-ec2-role-20260609070310727400000001",
            "policy_arn": "arn:aws:iam::aws:policy/CloudWatchAgentServerPolicy",
            "role": "dice-ec2-role"
          },
          "sensitive_attributes": [],
          "identity_schema_version": 0,
          "private": "bnVsbA==",
          "dependencies": [
            "aws_iam_role.ec2"
          ]
        }
      ]
    },
    {
      "mode": "managed",
      "type": "aws_iam_role_policy_attachment",
      "name": "monitoring_attach",
      "provider": "provider[\"registry.terraform.io/hashicorp/aws\"]",
      "instances": [
        {
          "schema_version": 0,
          "attributes": {
            "id": "monitoring-role-20260619122637853000000001",
            "policy_arn": "arn:aws:iam::066756667240:policy/monitoring-policy",
            "role": "monitoring-role"
          },
          "sensitive_attributes": [],
          "identity_schema_version": 0,
          "private": "bnVsbA==",
          "dependencies": [
            "aws_iam_policy.monitoring_policy",
            "aws_iam_role.monitoring_role"
          ]
        }
      ]
    },
    {
      "mode": "managed",
      "type": "aws_iam_role_policy_attachment",
      "name": "monitoring_ssm",
      "provider": "provider[\"registry.terraform.io/hashicorp/aws\"]",
      "instances": [
        {
          "schema_version": 0,
          "attributes": {
            "id": "monitoring-role-20260624104348666500000001",
            "policy_arn": "arn:aws:iam::aws:policy/AmazonSSMManagedInstanceCore",
            "role": "monitoring-role"
          },
          "sensitive_attributes": [],
          "identity_schema_version": 0,
          "private": "bnVsbA==",
          "dependencies": [
            "aws_iam_role.monitoring_role"
          ]
        }
      ]
    },
    {
      "mode": "managed",
      "type": "aws_iam_role_policy_attachment",
      "name": "s3",
      "provider": "provider[\"registry.terraform.io/hashicorp/aws\"]",
      "instances": [
        {
          "schema_version": 0,
          "attributes": {
            "id": "dice-ec2-role-20260609070312199300000002",
            "policy_arn": "arn:aws:iam::066756667240:policy/dice-s3-access",
            "role": "dice-ec2-role"
          },
          "sensitive_attributes": [],
          "identity_schema_version": 0,
          "private": "bnVsbA==",
          "dependencies": [
            "aws_iam_policy.s3_access",
            "aws_iam_role.ec2",
            "aws_s3_bucket.docs"
          ]
        }
      ]
    },
    {
      "mode": "managed",
      "type": "aws_instance",
      "name": "api",
      "provider": "provider[\"registry.terraform.io/hashicorp/aws\"]",
      "instances": [
        {
          "schema_version": 1,
          "attributes": {
            "ami": "ami-098c6897e3d65b63b",
            "arn": "arn:aws:ec2:ap-south-1:066756667240:instance/i-0a9af4e4cdaf9735f",
            "associate_public_ip_address": true,
            "availability_zone": "ap-south-1c",
            "capacity_reservation_specification": [
              {
                "capacity_reservation_preference": "open",
                "capacity_reservation_target": []
              }
            ],
            "cpu_core_count": 2,
            "cpu_options": [
              {
                "amd_sev_snp": "",
                "core_count": 2,
                "threads_per_core": 1
              }
            ],
            "cpu_threads_per_core": 1,
            "credit_specification": [
              {
                "cpu_credits": "unlimited"
              }
            ],
            "disable_api_stop": false,
            "disable_api_termination": false,
            "ebs_block_device": [],
            "ebs_optimized": false,
            "enable_primary_ipv6": null,
            "enclave_options": [
              {
                "enabled": false
              }
            ],
            "ephemeral_block_device": [],
            "get_password_data": false,
            "hibernation": false,
            "host_id": "",
            "host_resource_group_arn": null,
            "iam_instance_profile": "dice-ec2-profile",
            "id": "i-0a9af4e4cdaf9735f",
            "instance_initiated_shutdown_behavior": "stop",
            "instance_lifecycle": "",
            "instance_market_options": [],
            "instance_state": "running",
            "instance_type": "t4g.small",
            "ipv6_address_count": 0,
            "ipv6_addresses": [],
            "key_name": "dice-operator",
            "launch_template": [],
            "maintenance_options": [
              {
                "auto_recovery": "default"
              }
            ],
            "metadata_options": [
              {
                "http_endpoint": "enabled",
                "http_protocol_ipv6": "disabled",
                "http_put_response_hop_limit": 1,
                "http_tokens": "required",
                "instance_metadata_tags": "disabled"
              }
            ],
            "monitoring": true,
            "network_interface": [],
            "outpost_arn": "",
            "password_data": "",
            "placement_group": "",
            "placement_partition_number": 0,
            "primary_network_interface_id": "eni-01312f85fce577539",
            "private_dns": "ip-172-31-16-15.ap-south-1.compute.internal",
            "private_dns_name_options": [
              {
                "enable_resource_name_dns_a_record": false,
                "enable_resource_name_dns_aaaa_record": false,
                "hostname_type": "ip-name"
              }
            ],
            "private_ip": "172.31.16.15",
            "public_dns": "ec2-65-2-203-196.ap-south-1.compute.amazonaws.com",
            "public_ip": "65.2.203.196",
            "root_block_device": [
              {
                "delete_on_termination": false,
                "device_name": "/dev/sda1",
                "encrypted": true,
                "iops": 3000,
                "kms_key_id": "arn:aws:kms:ap-south-1:066756667240:key/e643ce12-fa87-4e8e-912e-9056121cdf34",
                "tags": {
                  "Name": "dice-api-root"
                },
                "tags_all": {
                  "CostCenter": "Bootstrap",
                  "Environment": "production",
                  "ManagedBy": "Terraform",
                  "Name": "dice-api-root",
                  "Project": "DICE"
                },
                "throughput": 125,
                "volume_id": "vol-083ac6f38f342ce43",
                "volume_size": 30,
                "volume_type": "gp3"
              }
            ],
            "secondary_private_ips": [],
            "security_groups": [
              "dice-api-sg"
            ],
            "source_dest_check": true,
            "spot_instance_request_id": "",
            "subnet_id": "subnet-025b5c97809762c9d",
            "tags": {
              "Name": "dice-api"
            },
            "tags_all": {
              "CostCenter": "Bootstrap",
              "Environment": "production",
              "ManagedBy": "Terraform",
              "Name": "dice-api",
              "Project": "DICE"
            },
            "tenancy": "default",
            "timeouts": null,
            "user_data": "f2f0531736a4c07e36c77d9934aff965f935fdea",
            "user_data_base64": null,
            "user_data_replace_on_change": false,
            "volume_tags": null,
            "vpc_security_group_ids": [
              "sg-01c4f666fdb25a92b"
            ]
          },
          "sensitive_attributes": [],
          "identity_schema_version": 0,
          "private": "eyJlMmJmYjczMC1lY2FhLTExZTYtOGY4OC0zNDM2M2JjN2M0YzAiOnsiY3JlYXRlIjo2MDAwMDAwMDAwMDAsImRlbGV0ZSI6MTIwMDAwMDAwMDAwMCwicmVhZCI6OTAwMDAwMDAwMDAwLCJ1cGRhdGUiOjYwMDAwMDAwMDAwMH0sInNjaGVtYV92ZXJzaW9uIjoiMSJ9",
          "dependencies": [
            "aws_iam_instance_profile.ec2",
            "aws_iam_role.ec2",
            "aws_key_pair.operator",
            "aws_security_group.api",
            "data.aws_ami.ubuntu_arm",
            "data.aws_vpc.default",
            "data.http.cloudflare_ipv4"
          ]
        }
      ]
    },
    {
      "mode": "managed",
      "type": "aws_instance",
      "name": "monitoring",
      "provider": "provider[\"registry.terraform.io/hashicorp/aws\"]",
      "instances": [
        {
          "schema_version": 1,
          "attributes": {
            "ami": "ami-0326c8c1e2d6bf78c",
            "arn": "arn:aws:ec2:ap-south-1:066756667240:instance/i-0317ea91e2a50b8c9",
            "associate_public_ip_address": true,
            "availability_zone": "ap-south-1a",
            "capacity_reservation_specification": [
              {
                "capacity_reservation_preference": "open",
                "capacity_reservation_target": []
              }
            ],
            "cpu_core_count": 1,
            "cpu_options": [
              {
                "amd_sev_snp": "",
                "core_count": 1,
                "threads_per_core": 2
              }
            ],
            "cpu_threads_per_core": 2,
            "credit_specification": [
              {
                "cpu_credits": "unlimited"
              }
            ],
            "disable_api_stop": false,
            "disable_api_termination": false,
            "ebs_block_device": [],
            "ebs_optimized": false,
            "enable_primary_ipv6": null,
            "enclave_options": [
              {
                "enabled": false
              }
            ],
            "ephemeral_block_device": [],
            "get_password_data": false,
            "hibernation": false,
            "host_id": "",
            "host_resource_group_arn": null,
            "iam_instance_profile": "monitoring-instance-profile",
            "id": "i-0317ea91e2a50b8c9",
            "instance_initiated_shutdown_behavior": "stop",
            "instance_lifecycle": "",
            "instance_market_options": [],
            "instance_state": "running",
            "instance_type": "t3.micro",
            "ipv6_address_count": 0,
            "ipv6_addresses": [],
            "key_name": "monitoring-key",
            "launch_template": [],
            "maintenance_options": [
              {
                "auto_recovery": "default"
              }
            ],
            "metadata_options": [
              {
                "http_endpoint": "enabled",
                "http_protocol_ipv6": "disabled",
                "http_put_response_hop_limit": 1,
                "http_tokens": "optional",
                "instance_metadata_tags": "disabled"
              }
            ],
            "monitoring": false,
            "network_interface": [],
            "outpost_arn": "",
            "password_data": "",
            "placement_group": "",
            "placement_partition_number": 0,
            "primary_network_interface_id": "eni-08493a45469edd60e",
            "private_dns": "ip-172-31-33-155.ap-south-1.compute.internal",
            "private_dns_name_options": [
              {
                "enable_resource_name_dns_a_record": false,
                "enable_resource_name_dns_aaaa_record": false,
                "hostname_type": "ip-name"
              }
            ],
            "private_ip": "172.31.33.155",
            "public_dns": "ec2-13-201-13-174.ap-south-1.compute.amazonaws.com",
            "public_ip": "13.201.13.174",
            "root_block_device": [
              {
                "delete_on_termination": true,
                "device_name": "/dev/sda1",
                "encrypted": false,
                "iops": 100,
                "kms_key_id": "",
                "tags": {
                  "CostCenter": "Bootstrap",
                  "Environment": "production",
                  "ManagedBy": "Terraform",
                  "Project": "DICE"
                },
                "tags_all": {
                  "CostCenter": "Bootstrap",
                  "Environment": "production",
                  "ManagedBy": "Terraform",
                  "Project": "DICE"
                },
                "throughput": 0,
                "volume_id": "vol-0b92096da5ec2d8d2",
                "volume_size": 8,
                "volume_type": "gp2"
              }
            ],
            "secondary_private_ips": [],
            "security_groups": [
              "monitoring-sg"
            ],
            "source_dest_check": true,
            "spot_instance_request_id": "",
            "subnet_id": "subnet-04a4cd6bc788c933d",
            "tags": {
              "Name": "monitoring-prometheus"
            },
            "tags_all": {
              "CostCenter": "Bootstrap",
              "Environment": "production",
              "ManagedBy": "Terraform",
              "Name": "monitoring-prometheus",
              "Project": "DICE"
            },
            "tenancy": "default",
            "timeouts": null,
            "user_data": "9d27f94c8525a08acfefa7e9a28e741cb11b4f00",
            "user_data_base64": null,
            "user_data_replace_on_change": false,
            "volume_tags": null,
            "vpc_security_group_ids": [
              "sg-0a6a3cb06d512099a"
            ]
          },
          "sensitive_attributes": [],
          "identity_schema_version": 0,
          "private": "eyJlMmJmYjczMC1lY2FhLTExZTYtOGY4OC0zNDM2M2JjN2M0YzAiOnsiY3JlYXRlIjo2MDAwMDAwMDAwMDAsImRlbGV0ZSI6MTIwMDAwMDAwMDAwMCwicmVhZCI6OTAwMDAwMDAwMDAwLCJ1cGRhdGUiOjYwMDAwMDAwMDAwMH0sInNjaGVtYV92ZXJzaW9uIjoiMSJ9",
          "dependencies": [
            "aws_iam_instance_profile.monitoring_profile",
            "aws_iam_role.monitoring_role",
            "aws_security_group.monitoring_sg",
            "data.aws_ami.ubuntu_x86",
            "data.aws_subnets.default",
            "data.aws_vpc.default"
          ]
        }
      ]
    },
    {
      "mode": "managed",
      "type": "aws_key_pair",
      "name": "operator",
      "provider": "provider[\"registry.terraform.io/hashicorp/aws\"]",
      "instances": [
        {
          "schema_version": 1,
          "attributes": {
            "arn": "arn:aws:ec2:ap-south-1:066756667240:key-pair/dice-operator",
            "fingerprint": "Dq+asAFA3O01APJfXwYUSAj9wvwNfZICBZ8C/yTAidg=",
            "id": "dice-operator",
            "key_name": "dice-operator",
            "key_name_prefix": "",
            "key_pair_id": "key-07f6090fcfa3f133c",
            "key_type": "ed25519",
            "public_key": "ssh-ed25519 AAAAC3NzaC1lZDI1NTE5AAAAIFReei+kX8tH4J8UdunCYWTwoJDBGK1BkWwTjF/BmYga dice-operator",
            "tags": {},
            "tags_all": {
              "CostCenter": "Bootstrap",
              "Environment": "production",
              "ManagedBy": "Terraform",
              "Project": "DICE"
            }
          },
          "sensitive_attributes": [],
          "identity_schema_version": 0,
          "private": "eyJzY2hlbWFfdmVyc2lvbiI6IjEifQ=="
        }
      ]
    },
    {
      "mode": "managed",
      "type": "aws_s3_bucket",
      "name": "docs",
      "provider": "provider[\"registry.terraform.io/hashicorp/aws\"]",
      "instances": [
        {
          "schema_version": 0,
          "attributes": {
            "acceleration_status": "",
            "acl": null,
            "arn": "arn:aws:s3:::sanyog-conformity-docs-066756667240",
            "bucket": "sanyog-conformity-docs-066756667240",
            "bucket_domain_name": "sanyog-conformity-docs-066756667240.s3.amazonaws.com",
            "bucket_prefix": "",
            "bucket_regional_domain_name": "sanyog-conformity-docs-066756667240.s3.ap-south-1.amazonaws.com",
            "cors_rule": [
              {
                "allowed_headers": [
                  "*"
                ],
                "allowed_methods": [
                  "POST",
                  "GET",
                  "HEAD",
                  "PUT"
                ],
                "allowed_origins": [
                  "https://app.sanyogconformity.com",
                  "http://localhost:5173",
                  "https://www.sanyogconformity.com",
                  "http://localhost:8081",
                  "https://admin.sanyogconformity.com"
                ],
                "expose_headers": [
                  "ETag"
                ],
                "max_age_seconds": 3000
              }
            ],
            "force_destroy": false,
            "grant": [
              {
                "id": "5dfc9d94a0eb8b2344ca3c2314fa0dce9154f019d5ae0a817f36a4916c356e10",
                "permissions": [
                  "FULL_CONTROL"
                ],
                "type": "CanonicalUser",
                "uri": ""
              }
            ],
            "hosted_zone_id": "Z11RGJOFQNVJUP",
            "id": "sanyog-conformity-docs-066756667240",
            "lifecycle_rule": [
              {
                "abort_incomplete_multipart_upload_days": 0,
                "enabled": true,
                "expiration": [],
                "id": "documents-tier",
                "noncurrent_version_expiration": [],
                "noncurrent_version_transition": [],
                "prefix": "orgs/",
                "tags": {},
                "transition": [
                  {
                    "date": "",
                    "days": 30,
                    "storage_class": "STANDARD_IA"
                  },
                  {
                    "date": "",
                    "days": 90,
                    "storage_class": "GLACIER_IR"
                  }
                ]
              },
              {
                "abort_incomplete_multipart_upload_days": 0,
                "enabled": true,
                "expiration": [
                  {
                    "date": "",
                    "days": 30,
                    "expired_object_delete_marker": false
                  }
                ],
                "id": "backups-daily-expire",
                "noncurrent_version_expiration": [],
                "noncurrent_version_transition": [],
                "prefix": "backups/mongodb/",
                "tags": {
                  "backup_type": "daily"
                },
                "transition": []
              },
              {
                "abort_incomplete_multipart_upload_days": 0,
                "enabled": true,
                "expiration": [
                  {
                    "date": "",
                    "days": 365,
                    "expired_object_delete_marker": false
                  }
                ],
                "id": "backups-monthly-expire",
                "noncurrent_version_expiration": [],
                "noncurrent_version_transition": [],
                "prefix": "backups/mongodb/",
                "tags": {
                  "backup_type": "monthly"
                },
                "transition": []
              },
              {
                "abort_incomplete_multipart_upload_days": 1,
                "enabled": true,
                "expiration": [],
                "id": "incomplete-multipart",
                "noncurrent_version_expiration": [],
                "noncurrent_version_transition": [],
                "prefix": "",
                "tags": {},
                "transition": []
              },
              {
                "abort_incomplete_multipart_upload_days": 0,
                "enabled": true,
                "expiration": [],
                "id": "old-versions",
                "noncurrent_version_expiration": [
                  {
                    "days": 90
                  }
                ],
                "noncurrent_version_transition": [],
                "prefix": "",
                "tags": {},
                "transition": []
              }
            ],
            "logging": [],
            "object_lock_configuration": [],
            "object_lock_enabled": false,
            "policy": "",
            "region": "ap-south-1",
            "replication_configuration": [],
            "request_payer": "BucketOwner",
            "server_side_encryption_configuration": [
              {
                "rule": [
                  {
                    "apply_server_side_encryption_by_default": [
                      {
                        "kms_master_key_id": "",
                        "sse_algorithm": "AES256"
                      }
                    ],
                    "bucket_key_enabled": false
                  }
                ]
              }
            ],
            "tags": {
              "Purpose": "user documents and backups"
            },
            "tags_all": {
              "CostCenter": "Bootstrap",
              "Environment": "production",
              "ManagedBy": "Terraform",
              "Project": "DICE",
              "Purpose": "user documents and backups"
            },
            "timeouts": null,
            "versioning": [
              {
                "enabled": true,
                "mfa_delete": false
              }
            ],
            "website": [],
            "website_domain": null,
            "website_endpoint": null
          },
          "sensitive_attributes": [],
          "identity_schema_version": 0,
          "private": "eyJlMmJmYjczMC1lY2FhLTExZTYtOGY4OC0zNDM2M2JjN2M0YzAiOnsiY3JlYXRlIjoxMjAwMDAwMDAwMDAwLCJkZWxldGUiOjM2MDAwMDAwMDAwMDAsInJlYWQiOjEyMDAwMDAwMDAwMDAsInVwZGF0ZSI6MTIwMDAwMDAwMDAwMH19"
        }
      ]
    },
    {
      "mode": "managed",
      "type": "aws_s3_bucket_cors_configuration",
      "name": "docs",
      "provider": "provider[\"registry.terraform.io/hashicorp/aws\"]",
      "instances": [
        {
          "schema_version": 0,
          "attributes": {
            "bucket": "sanyog-conformity-docs-066756667240",
            "cors_rule": [
              {
                "allowed_headers": [
                  "*"
                ],
                "allowed_methods": [
                  "GET",
                  "HEAD",
                  "POST",
                  "PUT"
                ],
                "allowed_origins": [
                  "http://localhost:5173",
                  "http://localhost:8081",
                  "https://admin.sanyogconformity.com",
                  "https://app.sanyogconformity.com",
                  "https://www.sanyogconformity.com"
                ],
                "expose_headers": [
                  "ETag"
                ],
                "id": "",
                "max_age_seconds": 3000
              }
            ],
            "expected_bucket_owner": "",
            "id": "sanyog-conformity-docs-066756667240"
          },
          "sensitive_attributes": [],
          "identity_schema_version": 0,
          "private": "bnVsbA==",
          "dependencies": [
            "aws_s3_bucket.docs"
          ]
        }
      ]
    },
    {
      "mode": "managed",
      "type": "aws_s3_bucket_lifecycle_configuration",
      "name": "docs",
      "provider": "provider[\"registry.terraform.io/hashicorp/aws\"]",
      "instances": [
        {
          "schema_version": 1,
          "attributes": {
            "bucket": "sanyog-conformity-docs-066756667240",
            "expected_bucket_owner": "",
            "id": "sanyog-conformity-docs-066756667240",
            "rule": [
              {
                "abort_incomplete_multipart_upload": [],
                "expiration": [],
                "filter": [
                  {
                    "and": [],
                    "object_size_greater_than": null,
                    "object_size_less_than": null,
                    "prefix": "orgs/",
                    "tag": []
                  }
                ],
                "id": "documents-tier",
                "noncurrent_version_expiration": [],
                "noncurrent_version_transition": [],
                "prefix": "",
                "status": "Enabled",
                "transition": [
                  {
                    "date": null,
                    "days": 30,
                    "storage_class": "STANDARD_IA"
                  },
                  {
                    "date": null,
                    "days": 90,
                    "storage_class": "GLACIER_IR"
                  }
                ]
              },
              {
                "abort_incomplete_multipart_upload": [],
                "expiration": [
                  {
                    "date": null,
                    "days": 30,
                    "expired_object_delete_marker": false
                  }
                ],
                "filter": [
                  {
                    "and": [
                      {
                        "object_size_greater_than": 0,
                        "object_size_less_than": 0,
                        "prefix": "backups/mongodb/",
                        "tags": {
                          "backup_type": "daily"
                        }
                      }
                    ],
                    "object_size_greater_than": null,
                    "object_size_less_than": null,
                    "prefix": null,
                    "tag": []
                  }
                ],
                "id": "backups-daily-expire",
                "noncurrent_version_expiration": [],
                "noncurrent_version_transition": [],
                "prefix": "",
                "status": "Enabled",
                "transition": []
              },
              {
                "abort_incomplete_multipart_upload": [],
                "expiration": [
                  {
                    "date": null,
                    "days": 365,
                    "expired_object_delete_marker": false
                  }
                ],
                "filter": [
                  {
                    "and": [
                      {
                        "object_size_greater_than": 0,
                        "object_size_less_than": 0,
                        "prefix": "backups/mongodb/",
                        "tags": {
                          "backup_type": "monthly"
                        }
                      }
                    ],
                    "object_size_greater_than": null,
                    "object_size_less_than": null,
                    "prefix": null,
                    "tag": []
                  }
                ],
                "id": "backups-monthly-expire",
                "noncurrent_version_expiration": [],
                "noncurrent_version_transition": [],
                "prefix": "",
                "status": "Enabled",
                "transition": []
              },
              {
                "abort_incomplete_multipart_upload": [
                  {
                    "days_after_initiation": 1
                  }
                ],
                "expiration": [],
                "filter": [
                  {
                    "and": [],
                    "object_size_greater_than": null,
                    "object_size_less_than": null,
                    "prefix": "",
                    "tag": []
                  }
                ],
                "id": "incomplete-multipart",
                "noncurrent_version_expiration": [],
                "noncurrent_version_transition": [],
                "prefix": "",
                "status": "Enabled",
                "transition": []
              },
              {
                "abort_incomplete_multipart_upload": [],
                "expiration": [],
                "filter": [
                  {
                    "and": [],
                    "object_size_greater_than": null,
                    "object_size_less_than": null,
                    "prefix": "",
                    "tag": []
                  }
                ],
                "id": "old-versions",
                "noncurrent_version_expiration": [
                  {
                    "newer_noncurrent_versions": null,
                    "noncurrent_days": 90
                  }
                ],
                "noncurrent_version_transition": [],
                "prefix": "",
                "status": "Enabled",
                "transition": []
              }
            ],
            "timeouts": null,
            "transition_default_minimum_object_size": "all_storage_classes_128K"
          },
          "sensitive_attributes": [],
          "identity_schema_version": 0,
          "dependencies": [
            "aws_s3_bucket.docs"
          ]
        }
      ]
    },
    {
      "mode": "managed",
      "type": "aws_s3_bucket_public_access_block",
      "name": "docs",
      "provider": "provider[\"registry.terraform.io/hashicorp/aws\"]",
      "instances": [
        {
          "schema_version": 0,
          "attributes": {
            "block_public_acls": true,
            "block_public_policy": true,
            "bucket": "sanyog-conformity-docs-066756667240",
            "id": "sanyog-conformity-docs-066756667240",
            "ignore_public_acls": true,
            "restrict_public_buckets": true
          },
          "sensitive_attributes": [],
          "identity_schema_version": 0,
          "private": "bnVsbA==",
          "dependencies": [
            "aws_s3_bucket.docs"
          ]
        }
      ]
    },
    {
      "mode": "managed",
      "type": "aws_s3_bucket_server_side_encryption_configuration",
      "name": "docs",
      "provider": "provider[\"registry.terraform.io/hashicorp/aws\"]",
      "instances": [
        {
          "schema_version": 0,
          "attributes": {
            "bucket": "sanyog-conformity-docs-066756667240",
            "expected_bucket_owner": "",
            "id": "sanyog-conformity-docs-066756667240",
            "rule": [
              {
                "apply_server_side_encryption_by_default": [
                  {
                    "kms_master_key_id": "",
                    "sse_algorithm": "AES256"
                  }
                ],
                "bucket_key_enabled": false
              }
            ]
          },
          "sensitive_attributes": [],
          "identity_schema_version": 0,
          "private": "bnVsbA==",
          "dependencies": [
            "aws_s3_bucket.docs"
          ]
        }
      ]
    },
    {
      "mode": "managed",
      "type": "aws_s3_bucket_versioning",
      "name": "docs",
      "provider": "provider[\"registry.terraform.io/hashicorp/aws\"]",
      "instances": [
        {
          "schema_version": 0,
          "attributes": {
            "bucket": "sanyog-conformity-docs-066756667240",
            "expected_bucket_owner": "",
            "id": "sanyog-conformity-docs-066756667240",
            "mfa": null,
            "versioning_configuration": [
              {
                "mfa_delete": "",
                "status": "Enabled"
              }
            ]
          },
          "sensitive_attributes": [],
          "identity_schema_version": 0,
          "private": "bnVsbA==",
          "dependencies": [
            "aws_s3_bucket.docs"
          ]
        }
      ]
    },
    {
      "mode": "managed",
      "type": "aws_security_group",
      "name": "api",
      "provider": "provider[\"registry.terraform.io/hashicorp/aws\"]",
      "instances": [
        {
          "schema_version": 1,
          "attributes": {
            "arn": "arn:aws:ec2:ap-south-1:066756667240:security-group/sg-01c4f666fdb25a92b",
            "description": "DICE API security group",
            "egress": [
              {
                "cidr_blocks": [
                  "0.0.0.0/0"
                ],
                "description": "All outbound",
                "from_port": 0,
                "ipv6_cidr_blocks": [],
                "prefix_list_ids": [],
                "protocol": "-1",
                "security_groups": [],
                "self": false,
                "to_port": 0
              }
            ],
            "id": "sg-01c4f666fdb25a92b",
            "ingress": [
              {
                "cidr_blocks": [
                  "103.165.30.80/32"
                ],
                "description": "SSH from operator",
                "from_port": 22,
                "ipv6_cidr_blocks": [],
                "prefix_list_ids": [],
                "protocol": "tcp",
                "security_groups": [],
                "self": false,
                "to_port": 22
              },
              {
                "cidr_blocks": [
                  "173.245.48.0/20",
                  "103.21.244.0/22",
                  "103.22.200.0/22",
                  "103.31.4.0/22",
                  "141.101.64.0/18",
                  "108.162.192.0/18",
                  "190.93.240.0/20",
                  "188.114.96.0/20",
                  "197.234.240.0/22",
                  "198.41.128.0/17",
                  "162.158.0.0/15",
                  "104.16.0.0/13",
                  "104.24.0.0/14",
                  "172.64.0.0/13",
                  "131.0.72.0/22"
                ],
                "description": "HTTP from Cloudflare (for ACME challenge)",
                "from_port": 80,
                "ipv6_cidr_blocks": [],
                "prefix_list_ids": [],
                "protocol": "tcp",
                "security_groups": [],
                "self": false,
                "to_port": 80
              },
              {
                "cidr_blocks": [
                  "173.245.48.0/20",
                  "103.21.244.0/22",
                  "103.22.200.0/22",
                  "103.31.4.0/22",
                  "141.101.64.0/18",
                  "108.162.192.0/18",
                  "190.93.240.0/20",
                  "188.114.96.0/20",
                  "197.234.240.0/22",
                  "198.41.128.0/17",
                  "162.158.0.0/15",
                  "104.16.0.0/13",
                  "104.24.0.0/14",
                  "172.64.0.0/13",
                  "131.0.72.0/22"
                ],
                "description": "HTTPS from Cloudflare",
                "from_port": 443,
                "ipv6_cidr_blocks": [],
                "prefix_list_ids": [],
                "protocol": "tcp",
                "security_groups": [],
                "self": false,
                "to_port": 443
              }
            ],
            "name": "dice-api-sg",
            "name_prefix": "",
            "owner_id": "066756667240",
            "revoke_rules_on_delete": false,
            "tags": {},
            "tags_all": {
              "CostCenter": "Bootstrap",
              "Environment": "production",
              "ManagedBy": "Terraform",
              "Project": "DICE"
            },
            "timeouts": null,
            "vpc_id": "vpc-0eb98e95895a40f00"
          },
          "sensitive_attributes": [],
          "identity_schema_version": 0,
          "private": "eyJlMmJmYjczMC1lY2FhLTExZTYtOGY4OC0zNDM2M2JjN2M0YzAiOnsiY3JlYXRlIjo2MDAwMDAwMDAwMDAsImRlbGV0ZSI6OTAwMDAwMDAwMDAwfSwic2NoZW1hX3ZlcnNpb24iOiIxIn0=",
          "dependencies": [
            "data.aws_vpc.default",
            "data.http.cloudflare_ipv4"
          ],
          "create_before_destroy": true
        }
      ]
    },
    {
      "mode": "managed",
      "type": "aws_security_group",
      "name": "monitoring_sg",
      "provider": "provider[\"registry.terraform.io/hashicorp/aws\"]",
      "instances": [
        {
          "schema_version": 1,
          "attributes": {
            "arn": "arn:aws:ec2:ap-south-1:066756667240:security-group/sg-0a6a3cb06d512099a",
            "description": "Allow inbound Prometheus and Grafana from office IP",
            "egress": [
              {
                "cidr_blocks": [
                  "0.0.0.0/0"
                ],
                "description": "",
                "from_port": 0,
                "ipv6_cidr_blocks": [],
                "prefix_list_ids": [],
                "protocol": "-1",
                "security_groups": [],
                "self": false,
                "to_port": 0
              }
            ],
            "id": "sg-0a6a3cb06d512099a",
            "ingress": [
              {
                "cidr_blocks": [
                  "0.0.0.0/0"
                ],
                "description": "Grafana",
                "from_port": 3000,
                "ipv6_cidr_blocks": [],
                "prefix_list_ids": [],
                "protocol": "tcp",
                "security_groups": [],
                "self": false,
                "to_port": 3000
              },
              {
                "cidr_blocks": [
                  "0.0.0.0/0"
                ],
                "description": "HTTP (NGINX reverse proxy)",
                "from_port": 80,
                "ipv6_cidr_blocks": [],
                "prefix_list_ids": [],
                "protocol": "tcp",
                "security_groups": [],
                "self": false,
                "to_port": 80
              },
              {
                "cidr_blocks": [
                  "0.0.0.0/0"
                ],
                "description": "Prometheus",
                "from_port": 9090,
                "ipv6_cidr_blocks": [],
                "prefix_list_ids": [],
                "protocol": "tcp",
                "security_groups": [],
                "self": false,
                "to_port": 9090
              },
              {
                "cidr_blocks": [
                  "0.0.0.0/0"
                ],
                "description": "SSH",
                "from_port": 22,
                "ipv6_cidr_blocks": [],
                "prefix_list_ids": [],
                "protocol": "tcp",
                "security_groups": [],
                "self": false,
                "to_port": 22
              }
            ],
            "name": "monitoring-sg",
            "name_prefix": "",
            "owner_id": "066756667240",
            "revoke_rules_on_delete": false,
            "tags": {},
            "tags_all": {
              "CostCenter": "Bootstrap",
              "Environment": "production",
              "ManagedBy": "Terraform",
              "Project": "DICE"
            },
            "timeouts": null,
            "vpc_id": "vpc-0eb98e95895a40f00"
          },
          "sensitive_attributes": [],
          "identity_schema_version": 0,
          "private": "eyJlMmJmYjczMC1lY2FhLTExZTYtOGY4OC0zNDM2M2JjN2M0YzAiOnsiY3JlYXRlIjo2MDAwMDAwMDAwMDAsImRlbGV0ZSI6OTAwMDAwMDAwMDAwfSwic2NoZW1hX3ZlcnNpb24iOiIxIn0=",
          "dependencies": [
            "data.aws_vpc.default"
          ]
        }
      ]
    },
    {
      "mode": "managed",
      "type": "aws_sns_topic",
      "name": "alerts",
      "provider": "provider[\"registry.terraform.io/hashicorp/aws\"]",
      "instances": [
        {
          "schema_version": 0,
          "attributes": {
            "application_failure_feedback_role_arn": "",
            "application_success_feedback_role_arn": "",
            "application_success_feedback_sample_rate": 0,
            "archive_policy": "",
            "arn": "arn:aws:sns:ap-south-1:066756667240:dice-alerts",
            "beginning_archive_time": "",
            "content_based_deduplication": false,
            "delivery_policy": "",
            "display_name": "",
            "fifo_throughput_scope": "",
            "fifo_topic": false,
            "firehose_failure_feedback_role_arn": "",
            "firehose_success_feedback_role_arn": "",
            "firehose_success_feedback_sample_rate": 0,
            "http_failure_feedback_role_arn": "",
            "http_success_feedback_role_arn": "",
            "http_success_feedback_sample_rate": 0,
            "id": "arn:aws:sns:ap-south-1:066756667240:dice-alerts",
            "kms_master_key_id": "",
            "lambda_failure_feedback_role_arn": "",
            "lambda_success_feedback_role_arn": "",
            "lambda_success_feedback_sample_rate": 0,
            "name": "dice-alerts",
            "name_prefix": "",
            "owner": "066756667240",
            "policy": "{\"Id\":\"__default_policy_ID\",\"Statement\":[{\"Action\":[\"SNS:GetTopicAttributes\",\"SNS:SetTopicAttributes\",\"SNS:AddPermission\",\"SNS:RemovePermission\",\"SNS:DeleteTopic\",\"SNS:Subscribe\",\"SNS:ListSubscriptionsByTopic\",\"SNS:Publish\"],\"Condition\":{\"StringEquals\":{\"AWS:SourceOwner\":\"066756667240\"}},\"Effect\":\"Allow\",\"Principal\":{\"AWS\":\"*\"},\"Resource\":\"arn:aws:sns:ap-south-1:066756667240:dice-alerts\",\"Sid\":\"__default_statement_ID\"}],\"Version\":\"2008-10-17\"}",
            "signature_version": 0,
            "sqs_failure_feedback_role_arn": "",
            "sqs_success_feedback_role_arn": "",
            "sqs_success_feedback_sample_rate": 0,
            "tags": {},
            "tags_all": {
              "CostCenter": "Bootstrap",
              "Environment": "production",
              "ManagedBy": "Terraform",
              "Project": "DICE"
            },
            "tracing_config": ""
          },
          "sensitive_attributes": [],
          "identity_schema_version": 0,
          "private": "bnVsbA=="
        }
      ]
    },
    {
      "mode": "managed",
      "type": "aws_sns_topic_subscription",
      "name": "ops_email",
      "provider": "provider[\"registry.terraform.io/hashicorp/aws\"]",
      "instances": [
        {
          "index_key": 0,
          "schema_version": 0,
          "attributes": {
            "arn": "arn:aws:sns:ap-south-1:066756667240:dice-alerts:55af1eba-3b32-466e-b8db-112015a1a684",
            "confirmation_timeout_in_minutes": 1,
            "confirmation_was_authenticated": false,
            "delivery_policy": "",
            "endpoint": "sanyogconformity1@gmail.com",
            "endpoint_auto_confirms": false,
            "filter_policy": "",
            "filter_policy_scope": "",
            "id": "arn:aws:sns:ap-south-1:066756667240:dice-alerts:55af1eba-3b32-466e-b8db-112015a1a684",
            "owner_id": "066756667240",
            "pending_confirmation": false,
            "protocol": "email",
            "raw_message_delivery": false,
            "redrive_policy": "",
            "replay_policy": "",
            "subscription_role_arn": "",
            "topic_arn": "arn:aws:sns:ap-south-1:066756667240:dice-alerts"
          },
          "sensitive_attributes": [],
          "identity_schema_version": 0,
          "private": "bnVsbA==",
          "dependencies": [
            "aws_sns_topic.alerts"
          ]
        }
      ]
    },
    {
      "mode": "managed",
      "type": "cloudflare_dns_record",
      "name": "grafana",
      "provider": "provider[\"registry.terraform.io/cloudflare/cloudflare\"]",
      "instances": [
        {
          "schema_version": 500,
          "attributes": {
            "comment": null,
            "comment_modified_on": null,
            "content": "13.201.13.174",
            "created_on": "2026-06-24T11:24:49Z",
            "data": null,
            "id": "45e0c1d9c17030292c7001b0dabd17df",
            "meta": "{}",
            "modified_on": "2026-06-25T05:33:07Z",
            "name": "grafana.sanyogconformity.com",
            "priority": null,
            "private_routing": null,
            "proxiable": true,
            "proxied": false,
            "settings": {
              "flatten_cname": null,
              "ipv4_only": null,
              "ipv6_only": null
            },
            "tags": [],
            "tags_modified_on": null,
            "ttl": 1,
            "type": "A",
            "zone_id": "4ab5394a1e237fde3577eff629f96f22"
          },
          "sensitive_attributes": [],
          "identity_schema_version": 0,
          "private": "eyJ6b25lX25hbWUiOiJJbk5oYm5sdloyTnZibVp2Y20xcGRIa3VZMjl0SWc9PSJ9",
          "dependencies": [
            "aws_iam_instance_profile.monitoring_profile",
            "aws_iam_role.monitoring_role",
            "aws_instance.monitoring",
            "aws_security_group.monitoring_sg",
            "data.aws_ami.ubuntu_x86",
            "data.aws_subnets.default",
            "data.aws_vpc.default"
          ]
        }
      ]
    },
    {
      "mode": "managed",
      "type": "cloudflare_dns_record",
      "name": "prometheus",
      "provider": "provider[\"registry.terraform.io/cloudflare/cloudflare\"]",
      "instances": [
        {
          "schema_version": 500,
          "attributes": {
            "comment": null,
            "comment_modified_on": null,
            "content": "13.201.13.174",
            "created_on": "2026-06-24T11:24:48Z",
            "data": null,
            "id": "ac82ec9758b13f1d9f6a92d325822b45",
            "meta": "{}",
            "modified_on": "2026-06-25T05:33:07Z",
            "name": "prometheus.sanyogconformity.com",
            "priority": null,
            "private_routing": null,
            "proxiable": true,
            "proxied": false,
            "settings": {
              "flatten_cname": null,
              "ipv4_only": null,
              "ipv6_only": null
            },
            "tags": [],
            "tags_modified_on": null,
            "ttl": 1,
            "type": "A",
            "zone_id": "4ab5394a1e237fde3577eff629f96f22"
          },
          "sensitive_attributes": [],
          "identity_schema_version": 0,
          "private": "eyJ6b25lX25hbWUiOiJJbk5oYm5sdloyTnZibVp2Y20xcGRIa3VZMjl0SWc9PSJ9",
          "dependencies": [
            "aws_iam_instance_profile.monitoring_profile",
            "aws_iam_role.monitoring_role",
            "aws_instance.monitoring",
            "aws_security_group.monitoring_sg",
            "data.aws_ami.ubuntu_x86",
            "data.aws_subnets.default",
            "data.aws_vpc.default"
          ]
        }
      ]
    }
  ],
  "check_results": null
}
